
Microsoft Visual Studio Solution File, Format Version 12.00
# Visual Studio Version 17
VisualStudioVersion = 17.8.34309.116
MinimumVisualStudioVersion = 10.0.40219.1
Project("{9A19103F-16F7-4668-BE54-9A1E7A4F7556}") = "Imato.DbLogger", "Imato.DbLogger\Imato.DbLogger.csproj", "{0C60BA50-A6D2-4DFC-B2FD-83F5FA9D1A9D}"
EndProject
Project("{FAE04EC0-301F-11D3-BF4B-00C04F79EFBC}") = "Imato.DbLogger.Test", "Imato.DbLogger.Test\Imato.DbLogger.Test.csproj", "{FA65A108-D41C-4544-B92D-ABE244854EF8}"
EndProject
Global
	GlobalSection(SolutionConfigurationPlatforms) = preSolution
		Debug|Any CPU = Debug|Any CPU
		Release|Any CPU = Release|Any CPU
	EndGlobalSection
	GlobalSection(ProjectConfigurationPlatforms) = postSolution
		{0C60BA50-A6D2-4DFC-B2FD-83F5FA9D1A9D}.Debug|Any CPU.ActiveCfg = Debug|Any CPU
		{0C60BA50-A6D2-4DFC-B2FD-83F5FA9D1A9D}.Debug|Any CPU.Build.0 = Debug|Any CPU
		{0C60BA50-A6D2-4DFC-B2FD-83F5FA9D1A9D}.Release|Any CPU.ActiveCfg = Release|Any CPU
		{0C60BA50-A6D2-4DFC-B2FD-83F5FA9D1A9D}.Release|Any CPU.Build.0 = Release|Any CPU
		{FA65A108-D41C-4544-B92D-ABE244854EF8}.Debug|Any CPU.ActiveCfg = Debug|Any CPU
		{FA65A108-D41C-4544-B92D-ABE244854EF8}.Debug|Any CPU.Build.0 = Debug|Any CPU
		{FA65A108-D41C-4544-B92D-ABE244854EF8}.Release|Any CPU.ActiveCfg = Release|Any CPU
		{FA65A108-D41C-4544-B92D-ABE244854EF8}.Release|Any CPU.Build.0 = Release|Any CPU
	EndGlobalSection
	GlobalSection(SolutionProperties) = preSolution
		HideSolutionNode = FALSE
	EndGlobalSection
	GlobalSection(ExtensibilityGlobals) = postSolution
		SolutionGuid = {C2EADD09-56D1-4DA3-9460-A07050A66F71}
	EndGlobalSection
EndGlobal
